<?xml version="1.0" encoding="utf-8"?>
<Project ToolsVersion="4.0" xmlns="http://schemas.microsoft.com/developer/msbuild/2003">
  <ItemGroup>
    <Filter Include="Source Files">
      <UniqueIdentifier>{4FC737F1-C7A5-4376-A066-2A32D752A2FF}</UniqueIdentifier>
      <Extensions>cpp;c;cc;cxx;def;odl;idl;hpj;bat;asm;asmx</Extensions>
    </Filter>
    <Filter Include="Header Files">
      <UniqueIdentifier>{93995380-89BD-4b04-88EB-625FBE52EBFB}</UniqueIdentifier>
      <Extensions>h;hpp;hxx;hm;inl;inc;xsd</Extensions>
    </Filter>
    <Filter Include="Header Files\Bodies">
      <UniqueIdentifier>{31ba054c-69f2-4ed7-b07e-82e985ee8d9e}</UniqueIdentifier>
    </Filter>
    <Filter Include="Source Files\Bodies">
      <UniqueIdentifier>{b12e5211-631d-4d3b-aaaf-0727010ad6d9}</UniqueIdentifier>
    </Filter>
    <Filter Include="Header Files\Utilities">
      <UniqueIdentifier>{18e652e5-7345-41a5-9f7b-b040bf2b3f9a}</UniqueIdentifier>
    </Filter>
    <Filter Include="Source Files\Utilities">
      <UniqueIdentifier>{d5f0a18c-b6db-45b7-97d4-3b5cccdc0d14}</UniqueIdentifier>
    </Filter>
    <Filter Include="Header Files\Buttons">
      <UniqueIdentifier>{04250991-5697-4c05-9481-41be94ed2423}</UniqueIdentifier>
    </Filter>
    <Filter Include="Source Files\Buttons">
      <UniqueIdentifier>{06f25aa7-07cf-4cb7-822c-de5ee141721d}</UniqueIdentifier>
    </Filter>
    <Filter Include="Source Files\Resource Files">
      <UniqueIdentifier>{67DA6AB6-F800-4c08-8B7A-83BB121AAD01}</UniqueIdentifier>
      <Extensions>rc;ico;cur;bmp;dlg;rc2;rct;bin;rgs;gif;jpg;jpeg;jpe;resx;tiff;tif;png;wav;mfcribbon-ms</Extensions>
    </Filter>
    <Filter Include="Header Files\Big Classes">
      <UniqueIdentifier>{5bccaf8a-30d1-4a29-90a1-6f8787179ec5}</UniqueIdentifier>
    </Filter>
    <Filter Include="Source Files\Big Classes">
      <UniqueIdentifier>{1c39528d-be70-442f-9883-97cb569f28fd}</UniqueIdentifier>
    </Filter>
    <Filter Include="Header Files\Graphics">
      <UniqueIdentifier>{e34820df-9007-4ae4-a60a-6febf5185383}</UniqueIdentifier>
    </Filter>
    <Filter Include="Source Files\Graphics">
      <UniqueIdentifier>{a9167f22-21f0-4853-8d77-238b5d2ea0a3}</UniqueIdentifier>
    </Filter>
  </ItemGroup>
  <ItemGroup>
    <ClInclude Include="Body.h">
      <Filter>Header Files\Bodies</Filter>
    </ClInclude>
    <ClInclude Include="PositionTracker.h">
      <Filter>Header Files\Utilities</Filter>
    </ClInclude>
    <ClInclude Include="Vector2Buffer.h">
      <Filter>Header Files\Utilities</Filter>
    </ClInclude>
    <ClInclude Include="PositionTracker.hpp">
      <Filter>Source Files\Utilities</Filter>
    </ClInclude>
    <ClInclude Include="Vector2Buffer.hpp">
      <Filter>Source Files\Utilities</Filter>
    </ClInclude>
    <ClInclude Include="MassBody.h">
      <Filter>Header Files\Bodies</Filter>
    </ClInclude>
    <ClInclude Include="GravitationalBody.h">
      <Filter>Header Files\Bodies</Filter>
    </ClInclude>
    <ClInclude Include="GravityController.h">
      <Filter>Header Files</Filter>
    </ClInclude>
    <ClInclude Include="GravitationalBodyDrawable.h">
      <Filter>Header Files\Bodies</Filter>
    </ClInclude>
    <ClInclude Include="PositionTrackerDrawable.h">
      <Filter>Header Files\Utilities</Filter>
    </ClInclude>
    <ClInclude Include="PositionTrackerDrawable.hpp">
      <Filter>Source Files\Utilities</Filter>
    </ClInclude>
    <ClInclude Include="UtilFuncs.h">
      <Filter>Header Files\Utilities</Filter>
    </ClInclude>
    <ClInclude Include="Widget.h">
      <Filter>Header Files\Buttons</Filter>
    </ClInclude>
    <ClInclude Include="Button.h">
      <Filter>Header Files\Buttons</Filter>
    </ClInclude>
    <ClInclude Include="Scene.h">
      <Filter>Header Files\Big Classes</Filter>
    </ClInclude>
    <ClInclude Include="TextureLoader.h">
      <Filter>Header Files\Utilities</Filter>
    </ClInclude>
    <ClInclude Include="Slider.h">
      <Filter>Header Files\Buttons</Filter>
    </ClInclude>
    <ClInclude Include="HeadsUpDisplay.h">
      <Filter>Header Files\Big Classes</Filter>
    </ClInclude>
    <ClInclude Include="Arrow.h">
      <Filter>Header Files\Graphics</Filter>
    </ClInclude>
    <ClInclude Include="resource.h">
      <Filter>Header Files</Filter>
    </ClInclude>
    <ClInclude Include="AnimatedSprite.h">
      <Filter>Header Files\Graphics</Filter>
    </ClInclude>
    <ClInclude Include="Switch.h">
      <Filter>Header Files\Buttons</Filter>
    </ClInclude>
    <ClInclude Include="BodySystem.h">
      <Filter>Header Files\Big Classes</Filter>
    </ClInclude>
    <ClInclude Include="EffectManager.h">
      <Filter>Header Files\Graphics</Filter>
    </ClInclude>
    <ClInclude Include="TooltippedButton.h">
      <Filter>Header Files\Buttons</Filter>
    </ClInclude>
    <ClInclude Include="TooltippedSlider.h">
      <Filter>Header Files\Buttons</Filter>
    </ClInclude>
  </ItemGroup>
  <ItemGroup>
    <ClCompile Include="Main.cpp">
      <Filter>Source Files</Filter>
    </ClCompile>
    <ClCompile Include="Body.cpp">
      <Filter>Source Files\Bodies</Filter>
    </ClCompile>
    <ClCompile Include="MassBody.cpp">
      <Filter>Source Files\Bodies</Filter>
    </ClCompile>
    <ClCompile Include="GravityController.cpp">
      <Filter>Source Files</Filter>
    </ClCompile>
    <ClCompile Include="GravitationalBody.cpp">
      <Filter>Source Files\Bodies</Filter>
    </ClCompile>
    <ClCompile Include="GravitationalBodyDrawable.cpp">
      <Filter>Source Files\Bodies</Filter>
    </ClCompile>
    <ClCompile Include="Widget.cpp">
      <Filter>Source Files\Buttons</Filter>
    </ClCompile>
    <ClCompile Include="Button.cpp">
      <Filter>Source Files\Buttons</Filter>
    </ClCompile>
    <ClCompile Include="Scene.cpp">
      <Filter>Source Files\Big Classes</Filter>
    </ClCompile>
    <ClCompile Include="TextureLoader.cpp">
      <Filter>Source Files\Utilities</Filter>
    </ClCompile>
    <ClCompile Include="Slider.cpp">
      <Filter>Source Files\Buttons</Filter>
    </ClCompile>
    <ClCompile Include="HeadsUpDisplay.cpp">
      <Filter>Source Files\Big Classes</Filter>
    </ClCompile>
    <ClCompile Include="Arrow.cpp">
      <Filter>Source Files\Graphics</Filter>
    </ClCompile>
    <ClCompile Include="UtilFuncs.cpp">
      <Filter>Source Files\Utilities</Filter>
    </ClCompile>
    <ClCompile Include="AnimatedSprite.cpp">
      <Filter>Source Files\Graphics</Filter>
    </ClCompile>
    <ClCompile Include="Switch.cpp">
      <Filter>Source Files\Buttons</Filter>
    </ClCompile>
    <ClCompile Include="BodySystem.cpp">
      <Filter>Source Files\Big Classes</Filter>
    </ClCompile>
    <ClCompile Include="EffectManager.cpp">
      <Filter>Source Files\Graphics</Filter>
    </ClCompile>
    <ClCompile Include="TooltippedButton.cpp">
      <Filter>Source Files\Buttons</Filter>
    </ClCompile>
    <ClCompile Include="TooltippedSlider.cpp">
      <Filter>Source Files\Buttons</Filter>
    </ClCompile>
  </ItemGroup>
</Project>